{
  "requires": true,
  "lockfileVersion": 1,
  "dependencies": {
    "primeng": {
      "version": "11.2.0",
      "resolved": "https://registry.npmjs.org/primeng/-/primeng-11.2.0.tgz",
      "integrity": "sha512-K0BrmI38aW3HW2EjEgobei3yWEOw5H2DikCy5DmGUL2B7cqX4M0vPGJFpkDHDk0szlsCh0O9G23FB0g0jCO7iQ==",
      "requires": {
        "tslib": "^2.0.0"
      }
    },
    "tslib": {
      "version": "2.1.0",
      "resolved": "https://registry.npmjs.org/tslib/-/tslib-2.1.0.tgz",
      "integrity": "sha512-hcVC3wYEziELGGmEEXue7D75zbwIIVUMWAVbHItGPx0ziyXxrOMQx4rQEVEV45Ut/1IotuEvwqPopzIOkDMf0A=="
    }
  }
}
